
Microsoft Visual Studio Solution File, Format Version 12.00
# Visual Studio 15
VisualStudioVersion = 15.0.28307.168
MinimumVisualStudioVersion = 10.0.40219.1
Project("{9A19103F-16F7-4668-BE54-9A1E7A4F7556}") = "GitTest", "GitTest\GitTest.csproj", "{9CA6D91F-99DA-4C11-B7F3-5055E9E122AF}"
EndProject
Project("{FAE04EC0-301F-11D3-BF4B-00C04F79EFBC}") = "ApplicationManagement", "ApplicationManagement\ApplicationManagement.csproj", "{F9B0F507-43A6-474E-9C33-8F8BB84301FE}"
EndProject
Global
	GlobalSection(SolutionConfigurationPlatforms) = preSolution
		Debug|Any CPU = Debug|Any CPU
		Release|Any CPU = Release|Any CPU
	EndGlobalSection
	GlobalSection(ProjectConfigurationPlatforms) = postSolution
		{9CA6D91F-99DA-4C11-B7F3-5055E9E122AF}.Debug|Any CPU.ActiveCfg = Debug|Any CPU
		{9CA6D91F-99DA-4C11-B7F3-5055E9E122AF}.Debug|Any CPU.Build.0 = Debug|Any CPU
		{9CA6D91F-99DA-4C11-B7F3-5055E9E122AF}.Release|Any CPU.ActiveCfg = Release|Any CPU
		{9CA6D91F-99DA-4C11-B7F3-5055E9E122AF}.Release|Any CPU.Build.0 = Release|Any CPU
		{F9B0F507-43A6-474E-9C33-8F8BB84301FE}.Debug|Any CPU.ActiveCfg = Debug|Any CPU
		{F9B0F507-43A6-474E-9C33-8F8BB84301FE}.Debug|Any CPU.Build.0 = Debug|Any CPU
		{F9B0F507-43A6-474E-9C33-8F8BB84301FE}.Release|Any CPU.ActiveCfg = Release|Any CPU
		{F9B0F507-43A6-474E-9C33-8F8BB84301FE}.Release|Any CPU.Build.0 = Release|Any CPU
	EndGlobalSection
	GlobalSection(SolutionProperties) = preSolution
		HideSolutionNode = FALSE
	EndGlobalSection
	GlobalSection(ExtensibilityGlobals) = postSolution
		SolutionGuid = {13369C1A-7B01-457F-880B-B410C7098A90}
	EndGlobalSection
EndGlobal
